
Microsoft Visual Studio Solution File, Format Version 12.00
# Visual Studio Version 16
VisualStudioVersion = 16.0.31729.503
MinimumVisualStudioVersion = 10.0.40219.1
Project("{F184B08F-C81C-45F6-A57F-5ABD9991F28F}") = "riccio333", "riccio333\riccio333.vbproj", "{7B286CE5-7A85-4C5C-8FB4-66BB4808BCAB}"
EndProject
Global
	GlobalSection(SolutionConfigurationPlatforms) = preSolution
		Debug|Any CPU = Debug|Any CPU
		Release|Any CPU = Release|Any CPU
	EndGlobalSection
	GlobalSection(ProjectConfigurationPlatforms) = postSolution
		{7B286CE5-7A85-4C5C-8FB4-66BB4808BCAB}.Debug|Any CPU.ActiveCfg = Debug|Any CPU
		{7B286CE5-7A85-4C5C-8FB4-66BB4808BCAB}.Debug|Any CPU.Build.0 = Debug|Any CPU
		{7B286CE5-7A85-4C5C-8FB4-66BB4808BCAB}.Release|Any CPU.ActiveCfg = Release|Any CPU
		{7B286CE5-7A85-4C5C-8FB4-66BB4808BCAB}.Release|Any CPU.Build.0 = Release|Any CPU
	EndGlobalSection
	GlobalSection(SolutionProperties) = preSolution
		HideSolutionNode = FALSE
	EndGlobalSection
	GlobalSection(ExtensibilityGlobals) = postSolution
		SolutionGuid = {197F1AEA-E687-485E-A463-BFA27746BC07}
	EndGlobalSection
EndGlobal
